
Microsoft Visual Studio Solution File, Format Version 12.00
# Visual Studio Version 17
VisualStudioVersion = 17.14.36603.0 d17.14
MinimumVisualStudioVersion = 10.0.40219.1
Project("{FAE04EC0-301F-11D3-BF4B-00C04F79EFBC}") = "BankDevTrail.Api", "BankDevTrail.Api\BankDevTrail.Api.csproj", "{473E65AE-0B8D-4E4C-8087-E8E3C4EA9993}"
EndProject
Global
	GlobalSection(SolutionConfigurationPlatforms) = preSolution
		Debug|Any CPU = Debug|Any CPU
		Release|Any CPU = Release|Any CPU
	EndGlobalSection
	GlobalSection(ProjectConfigurationPlatforms) = postSolution
		{473E65AE-0B8D-4E4C-8087-E8E3C4EA9993}.Debug|Any CPU.ActiveCfg = Debug|Any CPU
		{473E65AE-0B8D-4E4C-8087-E8E3C4EA9993}.Debug|Any CPU.Build.0 = Debug|Any CPU
		{473E65AE-0B8D-4E4C-8087-E8E3C4EA9993}.Release|Any CPU.ActiveCfg = Release|Any CPU
		{473E65AE-0B8D-4E4C-8087-E8E3C4EA9993}.Release|Any CPU.Build.0 = Release|Any CPU
	EndGlobalSection
	GlobalSection(SolutionProperties) = preSolution
		HideSolutionNode = FALSE
	EndGlobalSection
	GlobalSection(ExtensibilityGlobals) = postSolution
		SolutionGuid = {973FBBC7-CBA9-4730-8921-99636FF768C4}
	EndGlobalSection
EndGlobal
